<?xml version="1.0" encoding="utf-8"?>
<Project ToolsVersion="4.0" xmlns="http://schemas.microsoft.com/developer/msbuild/2003">
  <ItemGroup>
    <Filter Include="Generated Files">
      <UniqueIdentifier>{715fb9e6-322b-49da-9aea-c0da8adc56c3}</UniqueIdentifier>
    </Filter>
    <Filter Include="Header Files">
      <UniqueIdentifier>{fb2d710d-c0f8-4642-a42c-976c7cbd362e}</UniqueIdentifier>
      <Extensions>h;hpp;</Extensions>
    </Filter>
    <Filter Include="Resource Files">
      <UniqueIdentifier>{a833612a-05a5-4cd7-9f43-da3cff99821e}</UniqueIdentifier>
      <Extensions>rc;xml;pem;</Extensions>
    </Filter>
    <Filter Include="Source Files">
      <UniqueIdentifier>{1813f647-0e97-4bf5-a384-d8da2d027cba}</UniqueIdentifier>
      <Extensions>cpp;c;edl;def;</Extensions>
    </Filter>
  </ItemGroup>
  <ItemGroup>
    <Text Include="ReadMe.txt" />
  </ItemGroup>
  <ItemGroup>
    <CustomBuild Include="suvm_lib.edl">
      <Filter>Source Files</Filter>
    </CustomBuild>
  </ItemGroup>
  <ItemGroup>
    <ClCompile Include="suvm_lib.cpp">
      <Filter>Source Files</Filter>
    </ClCompile>
    <ClCompile Include="Aptr.cpp">
      <Filter>Source Files</Filter>
    </ClCompile>
    <ClCompile Include="mem.cpp">
      <Filter>Source Files</Filter>
    </ClCompile>
    <ClCompile Include="trusted_utils.cpp">
      <Filter>Source Files</Filter>
    </ClCompile>
    <ClCompile Include="SyncUtils.cpp">
      <Filter>Source Files</Filter>
    </ClCompile>
  </ItemGroup>
  <ItemGroup>
    <ClInclude Include="Aptr.h">
      <Filter>Header Files</Filter>
    </ClInclude>
    <ClInclude Include="CryptoCache.h">
      <Filter>Header Files</Filter>
    </ClInclude>
    <ClInclude Include="DataStructures.h">
      <Filter>Header Files</Filter>
    </ClInclude>
    <ClInclude Include="mem.h">
      <Filter>Header Files</Filter>
    </ClInclude>
    <ClInclude Include="PageCache.h">
      <Filter>Header Files</Filter>
    </ClInclude>
    <ClInclude Include="trusted_utils.h">
      <Filter>Header Files</Filter>
    </ClInclude>
    <ClInclude Include="SyncUtils.h">
      <Filter>Header Files</Filter>
    </ClInclude>
    <ClInclude Include="common_utils.h">
      <Filter>Header Files</Filter>
    </ClInclude>
    <ClInclude Include="consts.h">
      <Filter>Header Files</Filter>
    </ClInclude>
    <ClInclude Include="PerfCounters.h">
      <Filter>Header Files</Filter>
    </ClInclude>
    <ClInclude Include="request.h">
      <Filter>Header Files</Filter>
    </ClInclude>
  </ItemGroup>
</Project>