<?xml version="1.0" encoding="utf-8"?>
<Project ToolsVersion="4.0" xmlns="http://schemas.microsoft.com/developer/msbuild/2003">
  <ItemGroup>
    <Filter Include="Generated Files">
      <UniqueIdentifier>{1ed4612c-0534-4c63-92ab-c7ad53ea1446}</UniqueIdentifier>
    </Filter>
    <Filter Include="Source Files">
      <UniqueIdentifier>{201ecdcb-596e-46a0-ae4e-2dd248a85e8a}</UniqueIdentifier>
      <Extensions>cpp;c;edl;def;</Extensions>
    </Filter>
    <Filter Include="Header Files">
      <UniqueIdentifier>{dbf8d428-f65f-4b7b-941e-1728a1bc44cc}</UniqueIdentifier>
      <Extensions>h;hpp;</Extensions>
    </Filter>
    <Filter Include="Resource Files">
      <UniqueIdentifier>{1da3e13f-b5ee-40cb-a07b-421f063ee9d1}</UniqueIdentifier>
      <Extensions>rc;xml;pem;</Extensions>
    </Filter>
  </ItemGroup>
  <ItemGroup>
    <ClCompile Include="Face_Verification_Enclave_t.c">
      <Filter>Generated Files</Filter>
    </ClCompile>
    <ClCompile Include="Face_Verification_Enclave.cpp">
      <Filter>Source Files</Filter>
    </ClCompile>
    <ClCompile Include="Queue.cpp">
      <Filter>Source Files</Filter>
    </ClCompile>
  </ItemGroup>
  <ItemGroup>
    <ClInclude Include="Face_Verification_Enclave_t.h">
      <Filter>Generated Files</Filter>
    </ClInclude>
    <ClInclude Include="face_verification.h">
      <Filter>Header Files</Filter>
    </ClInclude>
    <ClInclude Include="Queue.h">
      <Filter>Header Files</Filter>
    </ClInclude>
  </ItemGroup>
  <ItemGroup>
    <None Include="Face_Verification_Enclave_private.pem">
      <Filter>Resource Files</Filter>
    </None>
  </ItemGroup>
  <ItemGroup>
    <Xml Include="Face_Verification_Enclave.config.xml">
      <Filter>Resource Files</Filter>
    </Xml>
  </ItemGroup>
  <ItemGroup>
    <Text Include="ReadMe.txt" />
  </ItemGroup>
  <ItemGroup>
    <CustomBuild Include="Face_Verification_Enclave.edl">
      <Filter>Source Files</Filter>
    </CustomBuild>
  </ItemGroup>
</Project>