<?xml version="1.0" encoding="utf-8"?>
<Project ToolsVersion="4.0" xmlns="http://schemas.microsoft.com/developer/msbuild/2003">
  <ItemGroup>
    <Filter Include="Generated Files">
      <UniqueIdentifier>{b053ab1e-d0b5-4655-acb4-cd0ea9f9c128}</UniqueIdentifier>
    </Filter>
    <Filter Include="Source Files">
      <UniqueIdentifier>{f0010fbe-889d-41a2-844e-c2b5bcc5f9d9}</UniqueIdentifier>
      <Extensions>cpp;c;edl;def;</Extensions>
    </Filter>
    <Filter Include="Header Files">
      <UniqueIdentifier>{615d1951-88fc-489b-92a0-23a83c3c8ee2}</UniqueIdentifier>
      <Extensions>h;hpp;</Extensions>
    </Filter>
    <Filter Include="Resource Files">
      <UniqueIdentifier>{8fd4935c-5714-4d0a-abbe-6c807726aa8f}</UniqueIdentifier>
      <Extensions>rc;xml;pem;</Extensions>
    </Filter>
  </ItemGroup>
  <ItemGroup>
    <ClCompile Include="Enclave_Test_t.c">
      <Filter>Generated Files</Filter>
    </ClCompile>
    <ClCompile Include="Enclave_Test.cpp">
      <Filter>Source Files</Filter>
    </ClCompile>
  </ItemGroup>
  <ItemGroup>
    <ClInclude Include="Enclave_Test_t.h">
      <Filter>Generated Files</Filter>
    </ClInclude>
  </ItemGroup>
  <ItemGroup>
    <None Include="Enclave_Test_private.pem">
      <Filter>Resource Files</Filter>
    </None>
  </ItemGroup>
  <ItemGroup>
    <Xml Include="Enclave_Test.config.xml">
      <Filter>Resource Files</Filter>
    </Xml>
  </ItemGroup>
  <ItemGroup>
    <Text Include="ReadMe.txt" />
  </ItemGroup>
  <ItemGroup>
    <CustomBuild Include="Enclave_Test.edl">
      <Filter>Source Files</Filter>
    </CustomBuild>
  </ItemGroup>
</Project>